{
  "nodes": {
    "brew-src": {
      "flake": false,
      "locked": {
        "lastModified": 1769363988,
        "narHash": "sha256-BiGPeulrDVetXP+tjxhMcGLUROZAtZIhU5m4MqawCfM=",
        "owner": "Homebrew",
        "repo": "brew",
        "rev": "d01011cac6d72032c75fd2cd9489909e95d9faf2",
        "type": "github"
      },
      "original": {
        "owner": "Homebrew",
        "ref": "5.0.12",
        "repo": "brew",
        "type": "github"
      }
    },
    "denix": {
      "inputs": {
        "home-manager": [
          "home-manager"
        ],
        "nix-darwin": [
          "nix-darwin"
        ],
        "nixpkgs": [
          "nixpkgs"
        ],
        "nixpkgs-lib": "nixpkgs-lib",
        "pre-commit-hooks": "pre-commit-hooks"
      },
      "locked": {
        "lastModified": 1770444703,
        "narHash": "sha256-7hb/H1wGnq9O6+FTzSQFRdHnRbx6tENXj0hakmJwOOs=",
        "owner": "yunfachi",
        "repo": "denix",
        "rev": "5aa95a9ab7cb641d9d8456b7c2a391dbb9b35e7a",
        "type": "github"
      },
      "original": {
        "owner": "yunfachi",
        "repo": "denix",
        "type": "github"
      }
    },
    "flake-compat": {
      "flake": false,
      "locked": {
        "lastModified": 1747046372,
        "narHash": "sha256-CIVLLkVgvHYbgI2UpXvIIBJ12HWgX+fjA8Xf8PUmqCY=",
        "owner": "edolstra",
        "repo": "flake-compat",
        "rev": "9100a0f413b0c601e0533d1d94ffd501ce2e7885",
        "type": "github"
      },
      "original": {
        "owner": "edolstra",
        "repo": "flake-compat",
        "type": "github"
      }
    },
    "flake-parts": {
      "inputs": {
        "nixpkgs-lib": [
          "nixvim",
          "nixpkgs"
        ]
      },
      "locked": {
        "lastModified": 1769996383,
        "narHash": "sha256-AnYjnFWgS49RlqX7LrC4uA+sCCDBj0Ry/WOJ5XWAsa0=",
        "owner": "hercules-ci",
        "repo": "flake-parts",
        "rev": "57928607ea566b5db3ad13af0e57e921e6b12381",
        "type": "github"
      },
      "original": {
        "owner": "hercules-ci",
        "repo": "flake-parts",
        "type": "github"
      }
    },
    "gitignore": {
      "inputs": {
        "nixpkgs": [
          "denix",
          "pre-commit-hooks",
          "nixpkgs"
        ]
      },
      "locked": {
        "lastModified": 1709087332,
        "narHash": "sha256-HG2cCnktfHsKV0s4XW83gU3F57gaTljL9KNSuG6bnQs=",
        "owner": "hercules-ci",
        "repo": "gitignore.nix",
        "rev": "637db329424fd7e46cf4185293b9cc8c88c95394",
        "type": "github"
      },
      "original": {
        "owner": "hercules-ci",
        "repo": "gitignore.nix",
        "type": "github"
      }
    },
    "home-manager": {
      "inputs": {
        "nixpkgs": [
          "nixpkgs"
        ]
      },
      "locked": {
        "lastModified": 1770491427,
        "narHash": "sha256-8b+0vixdqGnIIcgsPhjdX7EGPdzcVQqYxF+ujjex654=",
        "owner": "nix-community",
        "repo": "home-manager",
        "rev": "cbd8a72e5fe6af19d40e2741dc440d9227836860",
        "type": "github"
      },
      "original": {
        "owner": "nix-community",
        "ref": "master",
        "repo": "home-manager",
        "type": "github"
      }
    },
    "homebrew-cask": {
      "flake": false,
      "locked": {
        "lastModified": 1770506199,
        "narHash": "sha256-5S3lExIWhPswhI9hk37K4p7TBfKKaPeyxv8aR+BLfEw=",
        "owner": "homebrew",
        "repo": "homebrew-cask",
        "rev": "0ad132e5fadf303557ae05b6f7e5197db02f46c2",
        "type": "github"
      },
      "original": {
        "owner": "homebrew",
        "repo": "homebrew-cask",
        "type": "github"
      }
    },
    "homebrew-core": {
      "flake": false,
      "locked": {
        "lastModified": 1770509154,
        "narHash": "sha256-xFMatFj9IDWFcM8dInZQOg2kC/qd9RFt4N4tzzGUd7M=",
        "owner": "homebrew",
        "repo": "homebrew-core",
        "rev": "936acda4bca56766bf410c14e5271ebbef6e22bb",
        "type": "github"
      },
      "original": {
        "owner": "homebrew",
        "repo": "homebrew-core",
        "type": "github"
      }
    },
    "koda-nvim": {
      "flake": false,
      "locked": {
        "lastModified": 1770459369,
        "narHash": "sha256-2kK12g7UQHCXwH5YzNXEWE7jop9Bo/j83b20hzKZ6TE=",
        "owner": "oskarnurm",
        "repo": "koda.nvim",
        "rev": "1387d72494a43171024ee34fd224c6f34e03f6c3",
        "type": "github"
      },
      "original": {
        "owner": "oskarnurm",
        "repo": "koda.nvim",
        "type": "github"
      }
    },
    "nix-darwin": {
      "inputs": {
        "nixpkgs": [
          "nixpkgs"
        ]
      },
      "locked": {
        "lastModified": 1770184146,
        "narHash": "sha256-DsqnN6LvXmohTRaal7tVZO/AKBuZ02kPBiZKSU4qa/k=",
        "owner": "nix-darwin",
        "repo": "nix-darwin",
        "rev": "0d7874ef7e3ba02d58bebb871e6e29da36fa1b37",
        "type": "github"
      },
      "original": {
        "owner": "nix-darwin",
        "ref": "master",
        "repo": "nix-darwin",
        "type": "github"
      }
    },
    "nix-homebrew": {
      "inputs": {
        "brew-src": "brew-src"
      },
      "locked": {
        "lastModified": 1769437432,
        "narHash": "sha256-8d7KnCpT2LweRvSzZYEGd9IM3eFX+A78opcnDM0+ndk=",
        "owner": "zhaofengli",
        "repo": "nix-homebrew",
        "rev": "a5409abd0d5013d79775d3419bcac10eacb9d8c5",
        "type": "github"
      },
      "original": {
        "owner": "zhaofengli",
        "repo": "nix-homebrew",
        "type": "github"
      }
    },
    "nixpkgs": {
      "locked": {
        "lastModified": 1754340878,
        "narHash": "sha256-lgmUyVQL9tSnvvIvBp7x1euhkkCho7n3TMzgjdvgPoU=",
        "owner": "NixOS",
        "repo": "nixpkgs",
        "rev": "cab778239e705082fe97bb4990e0d24c50924c04",
        "type": "github"
      },
      "original": {
        "owner": "NixOS",
        "ref": "nixpkgs-unstable",
        "repo": "nixpkgs",
        "type": "github"
      }
    },
    "nixpkgs-lib": {
      "locked": {
        "lastModified": 1754184128,
        "narHash": "sha256-AjhoyBL4eSyXf01Bmc6DiuaMrJRNdWopmdnMY0Pa/M0=",
        "owner": "nix-community",
        "repo": "nixpkgs.lib",
        "rev": "02e72200e6d56494f4a7c0da8118760736e41b60",
        "type": "github"
      },
      "original": {
        "owner": "nix-community",
        "repo": "nixpkgs.lib",
        "type": "github"
      }
    },
    "nixpkgs-master": {
      "locked": {
        "lastModified": 1770508580,
        "narHash": "sha256-1u6n6+MDtk4RY+31hafa0irZWh43pTDoq0JBSi3othA=",
        "owner": "nixos",
        "repo": "nixpkgs",
        "rev": "42c103b34b6ae7f7db1e1901891cc0b74690fb09",
        "type": "github"
      },
      "original": {
        "owner": "nixos",
        "ref": "master",
        "repo": "nixpkgs",
        "type": "github"
      }
    },
    "nixpkgs_2": {
      "locked": {
        "lastModified": 1770380644,
        "narHash": "sha256-P7dWMHRUWG5m4G+06jDyThXO7kwSk46C1kgjEWcybkE=",
        "owner": "nixos",
        "repo": "nixpkgs",
        "rev": "ae67888ff7ef9dff69b3cf0cc0fbfbcd3a722abe",
        "type": "github"
      },
      "original": {
        "owner": "nixos",
        "ref": "nixpkgs-unstable",
        "repo": "nixpkgs",
        "type": "github"
      }
    },
    "nixpkgs_3": {
      "locked": {
        "lastModified": 1770169770,
        "narHash": "sha256-awR8qIwJxJJiOmcEGgP2KUqYmHG4v/z8XpL9z8FnT1A=",
        "owner": "NixOS",
        "repo": "nixpkgs",
        "rev": "aa290c9891fa4ebe88f8889e59633d20cc06a5f2",
        "type": "github"
      },
      "original": {
        "owner": "NixOS",
        "ref": "nixpkgs-unstable",
        "repo": "nixpkgs",
        "type": "github"
      }
    },
    "nixpkgs_4": {
      "locked": {
        "lastModified": 1770073757,
        "narHash": "sha256-Vy+G+F+3E/Tl+GMNgiHl9Pah2DgShmIUBJXmbiQPHbI=",
        "owner": "NixOS",
        "repo": "nixpkgs",
        "rev": "47472570b1e607482890801aeaf29bfb749884f6",
        "type": "github"
      },
      "original": {
        "owner": "NixOS",
        "ref": "nixpkgs-unstable",
        "repo": "nixpkgs",
        "type": "github"
      }
    },
    "nixvim": {
      "inputs": {
        "flake-parts": "flake-parts",
        "nixpkgs": "nixpkgs_3",
        "systems": "systems"
      },
      "locked": {
        "lastModified": 1770388595,
        "narHash": "sha256-0NvpmDqFcJAtRFJE3RDZWnN7PDJBZutoDtN+Cl8a3DY=",
        "owner": "nix-community",
        "repo": "nixvim",
        "rev": "51abc532525e486176f9a7b24b17908c60017b54",
        "type": "github"
      },
      "original": {
        "owner": "nix-community",
        "repo": "nixvim",
        "type": "github"
      }
    },
    "opencode": {
      "inputs": {
        "nixpkgs": "nixpkgs_4"
      },
      "locked": {
        "lastModified": 1770492987,
        "narHash": "sha256-gXT9Dxa57jj508mFtQfd9gomgUht7pVnj8DLHh70MBE=",
        "owner": "sst",
        "repo": "opencode",
        "rev": "4b7abc0a2cfad57fa1d5c82fc91906e654ad8191",
        "type": "github"
      },
      "original": {
        "owner": "sst",
        "ref": "dev",
        "repo": "opencode",
        "type": "github"
      }
    },
    "opencode-nvim": {
      "flake": false,
      "locked": {
        "lastModified": 1770390134,
        "narHash": "sha256-IiocUKqqzREzxS+BOpEcxvf0PaFvN/VV7itgh3Z5VXA=",
        "owner": "sudo-tee",
        "repo": "opencode.nvim",
        "rev": "bc5149e998bb989f71703112cd2f9373152132f1",
        "type": "github"
      },
      "original": {
        "owner": "sudo-tee",
        "repo": "opencode.nvim",
        "type": "github"
      }
    },
    "pre-commit-hooks": {
      "inputs": {
        "flake-compat": "flake-compat",
        "gitignore": "gitignore",
        "nixpkgs": "nixpkgs"
      },
      "locked": {
        "lastModified": 1754416808,
        "narHash": "sha256-c6yg0EQ9xVESx6HGDOCMcyRSjaTpNJP10ef+6fRcofA=",
        "owner": "cachix",
        "repo": "git-hooks.nix",
        "rev": "9c52372878df6911f9afc1e2a1391f55e4dfc864",
        "type": "github"
      },
      "original": {
        "owner": "cachix",
        "repo": "git-hooks.nix",
        "type": "github"
      }
    },
    "root": {
      "inputs": {
        "denix": "denix",
        "home-manager": "home-manager",
        "homebrew-cask": "homebrew-cask",
        "homebrew-core": "homebrew-core",
        "koda-nvim": "koda-nvim",
        "nix-darwin": "nix-darwin",
        "nix-homebrew": "nix-homebrew",
        "nixpkgs": "nixpkgs_2",
        "nixpkgs-master": "nixpkgs-master",
        "nixvim": "nixvim",
        "opencode": "opencode",
        "opencode-nvim": "opencode-nvim",
        "sops-nix": "sops-nix",
        "vault": "vault"
      }
    },
    "sops-nix": {
      "inputs": {
        "nixpkgs": [
          "nixpkgs"
        ]
      },
      "locked": {
        "lastModified": 1770145881,
        "narHash": "sha256-ktjWTq+D5MTXQcL9N6cDZXUf9kX8JBLLBLT0ZyOTSYY=",
        "owner": "Mic92",
        "repo": "sops-nix",
        "rev": "17eea6f3816ba6568b8c81db8a4e6ca438b30b7c",
        "type": "github"
      },
      "original": {
        "owner": "Mic92",
        "repo": "sops-nix",
        "type": "github"
      }
    },
    "systems": {
      "locked": {
        "lastModified": 1681028828,
        "narHash": "sha256-Vy1rq5AaRuLzOxct8nz4T6wlgyUR7zLU309k9mBC768=",
        "owner": "nix-systems",
        "repo": "default",
        "rev": "da67096a3b9bf56a91d16901293e51ba5b49a27e",
        "type": "github"
      },
      "original": {
        "owner": "nix-systems",
        "repo": "default",
        "type": "github"
      }
    },
    "vault": {
      "locked": {
        "lastModified": 1765829971,
        "narHash": "sha256-cFdrK0NzgvLw2e6Rqlk5CU2zetcawoPIEo+/bRwVDu8=",
        "owner": "trash-panda-v91-beta",
        "repo": "dots.vault",
        "rev": "0efa070d2ea764873507fee202a8187244d81f13",
        "type": "github"
      },
      "original": {
        "owner": "trash-panda-v91-beta",
        "repo": "dots.vault",
        "type": "github"
      }
    }
  },
  "root": "root",
  "version": 7
}
